
Microsoft Visual Studio Solution File, Format Version 12.00
# Visual Studio Version 17
VisualStudioVersion = 17.7.34024.191
MinimumVisualStudioVersion = 10.0.40219.1
Project("{2150E333-8FDC-42A3-9474-1A3956D46DE8}") = "src", "src", "{8D6C6ABA-C930-4455-ACDF-42F06C1FE0E4}"
EndProject
Project("{2150E333-8FDC-42A3-9474-1A3956D46DE8}") = "test", "test", "{C681A469-48F4-41CE-B28A-63E07C3CE4B8}"
EndProject
Project("{2150E333-8FDC-42A3-9474-1A3956D46DE8}") = "API", "API", "{AF9322F1-C089-4266-985E-CC1D4D308EB4}"
EndProject
Project("{2150E333-8FDC-42A3-9474-1A3956D46DE8}") = "Core", "Core", "{FDD280BC-38C1-4A68-B61B-736E311C59C9}"
EndProject
Project("{2150E333-8FDC-42A3-9474-1A3956D46DE8}") = "Infrastructure", "Infrastructure", "{A72B32C0-87CC-4B56-ACA5-B3909B2A68A5}"
EndProject
Project("{2150E333-8FDC-42A3-9474-1A3956D46DE8}") = "UI", "UI", "{80B56B56-E65D-4013-9A7B-A158F56A1B8E}"
EndProject
Project("{FAE04EC0-301F-11D3-BF4B-00C04F79EFBC}") = "Domain", "Domain\Domain.csproj", "{2CAD743D-9DF2-4663-B8A4-A7C1F8309704}"
EndProject
Project("{FAE04EC0-301F-11D3-BF4B-00C04F79EFBC}") = "Application", "Application\Application.csproj", "{F22F29D0-51EE-4B32-A3AB-B2F996739BB0}"
EndProject
Project("{FAE04EC0-301F-11D3-BF4B-00C04F79EFBC}") = "Infrastructure", "Infrastructure\Infrastructure.csproj", "{62EDEA6D-F2B0-4892-850A-05D8344FC1E3}"
EndProject
Project("{FAE04EC0-301F-11D3-BF4B-00C04F79EFBC}") = "Persistence", "Persistence\Persistence.csproj", "{06A743A8-CDEF-4D5A-A7B9-E82EDD14E59E}"
EndProject
Global
	GlobalSection(SolutionConfigurationPlatforms) = preSolution
		Debug|Any CPU = Debug|Any CPU
		Release|Any CPU = Release|Any CPU
	EndGlobalSection
	GlobalSection(ProjectConfigurationPlatforms) = postSolution
		{2CAD743D-9DF2-4663-B8A4-A7C1F8309704}.Debug|Any CPU.ActiveCfg = Debug|Any CPU
		{2CAD743D-9DF2-4663-B8A4-A7C1F8309704}.Debug|Any CPU.Build.0 = Debug|Any CPU
		{2CAD743D-9DF2-4663-B8A4-A7C1F8309704}.Release|Any CPU.ActiveCfg = Release|Any CPU
		{2CAD743D-9DF2-4663-B8A4-A7C1F8309704}.Release|Any CPU.Build.0 = Release|Any CPU
		{F22F29D0-51EE-4B32-A3AB-B2F996739BB0}.Debug|Any CPU.ActiveCfg = Debug|Any CPU
		{F22F29D0-51EE-4B32-A3AB-B2F996739BB0}.Debug|Any CPU.Build.0 = Debug|Any CPU
		{F22F29D0-51EE-4B32-A3AB-B2F996739BB0}.Release|Any CPU.ActiveCfg = Release|Any CPU
		{F22F29D0-51EE-4B32-A3AB-B2F996739BB0}.Release|Any CPU.Build.0 = Release|Any CPU
		{62EDEA6D-F2B0-4892-850A-05D8344FC1E3}.Debug|Any CPU.ActiveCfg = Debug|Any CPU
		{62EDEA6D-F2B0-4892-850A-05D8344FC1E3}.Debug|Any CPU.Build.0 = Debug|Any CPU
		{62EDEA6D-F2B0-4892-850A-05D8344FC1E3}.Release|Any CPU.ActiveCfg = Release|Any CPU
		{62EDEA6D-F2B0-4892-850A-05D8344FC1E3}.Release|Any CPU.Build.0 = Release|Any CPU
		{06A743A8-CDEF-4D5A-A7B9-E82EDD14E59E}.Debug|Any CPU.ActiveCfg = Debug|Any CPU
		{06A743A8-CDEF-4D5A-A7B9-E82EDD14E59E}.Debug|Any CPU.Build.0 = Debug|Any CPU
		{06A743A8-CDEF-4D5A-A7B9-E82EDD14E59E}.Release|Any CPU.ActiveCfg = Release|Any CPU
		{06A743A8-CDEF-4D5A-A7B9-E82EDD14E59E}.Release|Any CPU.Build.0 = Release|Any CPU
	EndGlobalSection
	GlobalSection(SolutionProperties) = preSolution
		HideSolutionNode = FALSE
	EndGlobalSection
	GlobalSection(NestedProjects) = preSolution
		{AF9322F1-C089-4266-985E-CC1D4D308EB4} = {8D6C6ABA-C930-4455-ACDF-42F06C1FE0E4}
		{FDD280BC-38C1-4A68-B61B-736E311C59C9} = {8D6C6ABA-C930-4455-ACDF-42F06C1FE0E4}
		{A72B32C0-87CC-4B56-ACA5-B3909B2A68A5} = {8D6C6ABA-C930-4455-ACDF-42F06C1FE0E4}
		{80B56B56-E65D-4013-9A7B-A158F56A1B8E} = {8D6C6ABA-C930-4455-ACDF-42F06C1FE0E4}
		{2CAD743D-9DF2-4663-B8A4-A7C1F8309704} = {FDD280BC-38C1-4A68-B61B-736E311C59C9}
		{F22F29D0-51EE-4B32-A3AB-B2F996739BB0} = {FDD280BC-38C1-4A68-B61B-736E311C59C9}
		{62EDEA6D-F2B0-4892-850A-05D8344FC1E3} = {A72B32C0-87CC-4B56-ACA5-B3909B2A68A5}
		{06A743A8-CDEF-4D5A-A7B9-E82EDD14E59E} = {A72B32C0-87CC-4B56-ACA5-B3909B2A68A5}
	EndGlobalSection
	GlobalSection(ExtensibilityGlobals) = postSolution
		SolutionGuid = {A85D3F13-716C-43AF-BA54-F323C20583EB}
	EndGlobalSection
EndGlobal
